
Microsoft Visual Studio Solution File, Format Version 12.00
# Visual Studio Version 17
VisualStudioVersion = 17.12.35707.178
MinimumVisualStudioVersion = 10.0.40219.1
Project("{FAE04EC0-301F-11D3-BF4B-00C04F79EFBC}") = "Pizza.API", "Pizza.API\Pizza.API.csproj", "{8AA1EA2C-B9CB-48A3-AB1F-A8AD2F34CDF3}"
EndProject
Project("{FAE04EC0-301F-11D3-BF4B-00C04F79EFBC}") = "Pedidos.API", "Pedido.API\Pedidos.API.csproj", "{7B7D3E4C-F0C9-4EEF-9CB5-FD92157B13D4}"
EndProject
Project("{E53339B2-1760-4266-BCC7-CA923CBCF16C}") = "docker-compose", "docker-compose.dcproj", "{CDE00AAF-8769-4B0E-A85C-288F331D520C}"
EndProject
Project("{FAE04EC0-301F-11D3-BF4B-00C04F79EFBC}") = "APIGateway", "APIGateway\APIGateway.csproj", "{BCAD2ACE-08AE-4E7F-9DF9-EC3A8A455346}"
EndProject
Global
	GlobalSection(SolutionConfigurationPlatforms) = preSolution
		Debug|Any CPU = Debug|Any CPU
		Release|Any CPU = Release|Any CPU
	EndGlobalSection
	GlobalSection(ProjectConfigurationPlatforms) = postSolution
		{8AA1EA2C-B9CB-48A3-AB1F-A8AD2F34CDF3}.Debug|Any CPU.ActiveCfg = Debug|Any CPU
		{8AA1EA2C-B9CB-48A3-AB1F-A8AD2F34CDF3}.Debug|Any CPU.Build.0 = Debug|Any CPU
		{8AA1EA2C-B9CB-48A3-AB1F-A8AD2F34CDF3}.Release|Any CPU.ActiveCfg = Release|Any CPU
		{8AA1EA2C-B9CB-48A3-AB1F-A8AD2F34CDF3}.Release|Any CPU.Build.0 = Release|Any CPU
		{7B7D3E4C-F0C9-4EEF-9CB5-FD92157B13D4}.Debug|Any CPU.ActiveCfg = Debug|Any CPU
		{7B7D3E4C-F0C9-4EEF-9CB5-FD92157B13D4}.Debug|Any CPU.Build.0 = Debug|Any CPU
		{7B7D3E4C-F0C9-4EEF-9CB5-FD92157B13D4}.Release|Any CPU.ActiveCfg = Release|Any CPU
		{7B7D3E4C-F0C9-4EEF-9CB5-FD92157B13D4}.Release|Any CPU.Build.0 = Release|Any CPU
		{CDE00AAF-8769-4B0E-A85C-288F331D520C}.Debug|Any CPU.ActiveCfg = Debug|Any CPU
		{CDE00AAF-8769-4B0E-A85C-288F331D520C}.Debug|Any CPU.Build.0 = Debug|Any CPU
		{CDE00AAF-8769-4B0E-A85C-288F331D520C}.Release|Any CPU.ActiveCfg = Release|Any CPU
		{CDE00AAF-8769-4B0E-A85C-288F331D520C}.Release|Any CPU.Build.0 = Release|Any CPU
		{BCAD2ACE-08AE-4E7F-9DF9-EC3A8A455346}.Debug|Any CPU.ActiveCfg = Debug|Any CPU
		{BCAD2ACE-08AE-4E7F-9DF9-EC3A8A455346}.Debug|Any CPU.Build.0 = Debug|Any CPU
		{BCAD2ACE-08AE-4E7F-9DF9-EC3A8A455346}.Release|Any CPU.ActiveCfg = Release|Any CPU
		{BCAD2ACE-08AE-4E7F-9DF9-EC3A8A455346}.Release|Any CPU.Build.0 = Release|Any CPU
	EndGlobalSection
	GlobalSection(SolutionProperties) = preSolution
		HideSolutionNode = FALSE
	EndGlobalSection
EndGlobal
